
Microsoft Visual Studio Solution File, Format Version 12.00
# Visual Studio Version 16
VisualStudioVersion = 16.0.31321.278
MinimumVisualStudioVersion = 10.0.40219.1
Project("{8BC9CEB8-8B4A-11D0-8D11-00A0C91BC942}") = "ConsoleApplication1", "ConsoleApplication1\ConsoleApplication1.vcxproj", "{660016FD-E58A-49B0-97C6-5F87B4DED26B}"
EndProject
Global
	GlobalSection(SolutionConfigurationPlatforms) = preSolution
		Debug|x64 = Debug|x64
		Debug|x86 = Debug|x86
		Release|x64 = Release|x64
		Release|x86 = Release|x86
	EndGlobalSection
	GlobalSection(ProjectConfigurationPlatforms) = postSolution
		{660016FD-E58A-49B0-97C6-5F87B4DED26B}.Debug|x64.ActiveCfg = Debug|x64
		{660016FD-E58A-49B0-97C6-5F87B4DED26B}.Debug|x64.Build.0 = Debug|x64
		{660016FD-E58A-49B0-97C6-5F87B4DED26B}.Debug|x86.ActiveCfg = Debug|Win32
		{660016FD-E58A-49B0-97C6-5F87B4DED26B}.Debug|x86.Build.0 = Debug|Win32
		{660016FD-E58A-49B0-97C6-5F87B4DED26B}.Release|x64.ActiveCfg = Release|x64
		{660016FD-E58A-49B0-97C6-5F87B4DED26B}.Release|x64.Build.0 = Release|x64
		{660016FD-E58A-49B0-97C6-5F87B4DED26B}.Release|x86.ActiveCfg = Release|Win32
		{660016FD-E58A-49B0-97C6-5F87B4DED26B}.Release|x86.Build.0 = Release|Win32
	EndGlobalSection
	GlobalSection(SolutionProperties) = preSolution
		HideSolutionNode = FALSE
	EndGlobalSection
	GlobalSection(ExtensibilityGlobals) = postSolution
		SolutionGuid = {E875AE0D-210A-415E-84AF-89F79335D220}
	EndGlobalSection
EndGlobal
